
Microsoft Visual Studio Solution File, Format Version 12.00
# Visual Studio Version 17
VisualStudioVersion = 17.5.002.0
MinimumVisualStudioVersion = 10.0.40219.1
Project("{9A19103F-16F7-4668-BE54-9A1E7A4F7556}") = "FitnessWebApp", "FitnessWebApp.csproj", "{A6E3F869-727A-4A50-9CC1-3A30D2872B30}"
EndProject
Global
	GlobalSection(SolutionConfigurationPlatforms) = preSolution
		Debug|Any CPU = Debug|Any CPU
		Release|Any CPU = Release|Any CPU
	EndGlobalSection
	GlobalSection(ProjectConfigurationPlatforms) = postSolution
		{A6E3F869-727A-4A50-9CC1-3A30D2872B30}.Debug|Any CPU.ActiveCfg = Debug|Any CPU
		{A6E3F869-727A-4A50-9CC1-3A30D2872B30}.Debug|Any CPU.Build.0 = Debug|Any CPU
		{A6E3F869-727A-4A50-9CC1-3A30D2872B30}.Release|Any CPU.ActiveCfg = Release|Any CPU
		{A6E3F869-727A-4A50-9CC1-3A30D2872B30}.Release|Any CPU.Build.0 = Release|Any CPU
	EndGlobalSection
	GlobalSection(SolutionProperties) = preSolution
		HideSolutionNode = FALSE
	EndGlobalSection
	GlobalSection(ExtensibilityGlobals) = postSolution
		SolutionGuid = {F39475D1-95E5-4011-BF09-AFBCBC2F506C}
	EndGlobalSection
EndGlobal
